
Microsoft Visual Studio Solution File, Format Version 12.00
# Visual Studio Version 17
VisualStudioVersion = 17.1.32319.34
MinimumVisualStudioVersion = 10.0.40219.1
Project("{FAE04EC0-301F-11D3-BF4B-00C04F79EFBC}") = "Exceptionlar", "Exceptionlar\Exceptionlar.csproj", "{C5F7F18D-0862-4CA5-85A1-676BC263D78C}"
EndProject
Global
	GlobalSection(SolutionConfigurationPlatforms) = preSolution
		Debug|Any CPU = Debug|Any CPU
		Release|Any CPU = Release|Any CPU
	EndGlobalSection
	GlobalSection(ProjectConfigurationPlatforms) = postSolution
		{C5F7F18D-0862-4CA5-85A1-676BC263D78C}.Debug|Any CPU.ActiveCfg = Debug|Any CPU
		{C5F7F18D-0862-4CA5-85A1-676BC263D78C}.Debug|Any CPU.Build.0 = Debug|Any CPU
		{C5F7F18D-0862-4CA5-85A1-676BC263D78C}.Release|Any CPU.ActiveCfg = Release|Any CPU
		{C5F7F18D-0862-4CA5-85A1-676BC263D78C}.Release|Any CPU.Build.0 = Release|Any CPU
	EndGlobalSection
	GlobalSection(SolutionProperties) = preSolution
		HideSolutionNode = FALSE
	EndGlobalSection
	GlobalSection(ExtensibilityGlobals) = postSolution
		SolutionGuid = {D411BE4C-DD3A-41E3-9C4D-DFD75BFA759C}
	EndGlobalSection
EndGlobal
